
Microsoft Visual Studio Solution File, Format Version 12.00
Project("{FAE04EC0-301F-11D3-BF4B-00C04F79EFBC}") = "ProjectA.Api", "ProjectA.Api\ProjectA.Api.csproj", "{90ECE025-13B1-4F23-A672-E72695C487D8}"
EndProject
Project("{FAE04EC0-301F-11D3-BF4B-00C04F79EFBC}") = "ProjectA.Api.Tests", "ProjectA.Api.Tests\ProjectA.Api.Tests.csproj", "{020D24B2-D0A9-45AD-9E3D-7EE04527C2D0}"
EndProject
Project("{FAE04EC0-301F-11D3-BF4B-00C04F79EFBC}") = "ProjectA.Api.Schema", "ProjectA.Api.Schema\ProjectA.Api.Schema.csproj", "{19B53E49-9634-48FF-9489-B357468169AB}"
EndProject
Global
	GlobalSection(SolutionConfigurationPlatforms) = preSolution
		Debug|Any CPU = Debug|Any CPU
		Debug|x64 = Debug|x64
		Debug|x86 = Debug|x86
		Release|Any CPU = Release|Any CPU
		Release|x64 = Release|x64
		Release|x86 = Release|x86
	EndGlobalSection
	GlobalSection(ProjectConfigurationPlatforms) = postSolution
		{90ECE025-13B1-4F23-A672-E72695C487D8}.Debug|Any CPU.ActiveCfg = Debug|Any CPU
		{90ECE025-13B1-4F23-A672-E72695C487D8}.Debug|Any CPU.Build.0 = Debug|Any CPU
		{90ECE025-13B1-4F23-A672-E72695C487D8}.Debug|x64.ActiveCfg = Debug|Any CPU
		{90ECE025-13B1-4F23-A672-E72695C487D8}.Debug|x64.Build.0 = Debug|Any CPU
		{90ECE025-13B1-4F23-A672-E72695C487D8}.Debug|x86.ActiveCfg = Debug|Any CPU
		{90ECE025-13B1-4F23-A672-E72695C487D8}.Debug|x86.Build.0 = Debug|Any CPU
		{90ECE025-13B1-4F23-A672-E72695C487D8}.Release|Any CPU.ActiveCfg = Release|Any CPU
		{90ECE025-13B1-4F23-A672-E72695C487D8}.Release|Any CPU.Build.0 = Release|Any CPU
		{90ECE025-13B1-4F23-A672-E72695C487D8}.Release|x64.ActiveCfg = Release|Any CPU
		{90ECE025-13B1-4F23-A672-E72695C487D8}.Release|x64.Build.0 = Release|Any CPU
		{90ECE025-13B1-4F23-A672-E72695C487D8}.Release|x86.ActiveCfg = Release|Any CPU
		{90ECE025-13B1-4F23-A672-E72695C487D8}.Release|x86.Build.0 = Release|Any CPU
		{020D24B2-D0A9-45AD-9E3D-7EE04527C2D0}.Debug|Any CPU.ActiveCfg = Debug|Any CPU
		{020D24B2-D0A9-45AD-9E3D-7EE04527C2D0}.Debug|Any CPU.Build.0 = Debug|Any CPU
		{020D24B2-D0A9-45AD-9E3D-7EE04527C2D0}.Debug|x64.ActiveCfg = Debug|Any CPU
		{020D24B2-D0A9-45AD-9E3D-7EE04527C2D0}.Debug|x64.Build.0 = Debug|Any CPU
		{020D24B2-D0A9-45AD-9E3D-7EE04527C2D0}.Debug|x86.ActiveCfg = Debug|Any CPU
		{020D24B2-D0A9-45AD-9E3D-7EE04527C2D0}.Debug|x86.Build.0 = Debug|Any CPU
		{020D24B2-D0A9-45AD-9E3D-7EE04527C2D0}.Release|Any CPU.ActiveCfg = Release|Any CPU
		{020D24B2-D0A9-45AD-9E3D-7EE04527C2D0}.Release|Any CPU.Build.0 = Release|Any CPU
		{020D24B2-D0A9-45AD-9E3D-7EE04527C2D0}.Release|x64.ActiveCfg = Release|Any CPU
		{020D24B2-D0A9-45AD-9E3D-7EE04527C2D0}.Release|x64.Build.0 = Release|Any CPU
		{020D24B2-D0A9-45AD-9E3D-7EE04527C2D0}.Release|x86.ActiveCfg = Release|Any CPU
		{020D24B2-D0A9-45AD-9E3D-7EE04527C2D0}.Release|x86.Build.0 = Release|Any CPU
		{19B53E49-9634-48FF-9489-B357468169AB}.Debug|Any CPU.ActiveCfg = Debug|Any CPU
		{19B53E49-9634-48FF-9489-B357468169AB}.Debug|Any CPU.Build.0 = Debug|Any CPU
		{19B53E49-9634-48FF-9489-B357468169AB}.Debug|x64.ActiveCfg = Debug|Any CPU
		{19B53E49-9634-48FF-9489-B357468169AB}.Debug|x64.Build.0 = Debug|Any CPU
		{19B53E49-9634-48FF-9489-B357468169AB}.Debug|x86.ActiveCfg = Debug|Any CPU
		{19B53E49-9634-48FF-9489-B357468169AB}.Debug|x86.Build.0 = Debug|Any CPU
		{19B53E49-9634-48FF-9489-B357468169AB}.Release|Any CPU.ActiveCfg = Release|Any CPU
		{19B53E49-9634-48FF-9489-B357468169AB}.Release|Any CPU.Build.0 = Release|Any CPU
		{19B53E49-9634-48FF-9489-B357468169AB}.Release|x64.ActiveCfg = Release|Any CPU
		{19B53E49-9634-48FF-9489-B357468169AB}.Release|x64.Build.0 = Release|Any CPU
		{19B53E49-9634-48FF-9489-B357468169AB}.Release|x86.ActiveCfg = Release|Any CPU
		{19B53E49-9634-48FF-9489-B357468169AB}.Release|x86.Build.0 = Release|Any CPU
	EndGlobalSection
	GlobalSection(SolutionProperties) = preSolution
		HideSolutionNode = FALSE
	EndGlobalSection
EndGlobal
